
Microsoft Visual Studio Solution File, Format Version 12.00
# Visual Studio Version 17
VisualStudioVersion = 17.1.32210.238
MinimumVisualStudioVersion = 10.0.40219.1
Project("{9A19103F-16F7-4668-BE54-9A1E7A4F7556}") = "WpfAppAdventureWorksLT", "WpfAppAdventureWorksLT\WpfAppAdventureWorksLT.csproj", "{62BE53B9-D445-4C2D-A40A-10634A863722}"
EndProject
Project("{9A19103F-16F7-4668-BE54-9A1E7A4F7556}") = "DemoAdventureWorks.DAL", "DemoAdventureWorks.DAL\DemoAdventureWorks.DAL.csproj", "{A98ABE56-DB96-4C9D-8A5B-6D9E2A2494CC}"
EndProject
Project("{2150E333-8FDC-42A3-9474-1A3956D46DE8}") = "Solution Items", "Solution Items", "{1195E400-DDC7-4A7B-982F-F95058E9E9FC}"
	ProjectSection(SolutionItems) = preProject
		README.txt = README.txt
	EndProjectSection
EndProject
Global
	GlobalSection(SolutionConfigurationPlatforms) = preSolution
		Debug|Any CPU = Debug|Any CPU
		Release|Any CPU = Release|Any CPU
	EndGlobalSection
	GlobalSection(ProjectConfigurationPlatforms) = postSolution
		{62BE53B9-D445-4C2D-A40A-10634A863722}.Debug|Any CPU.ActiveCfg = Debug|Any CPU
		{62BE53B9-D445-4C2D-A40A-10634A863722}.Debug|Any CPU.Build.0 = Debug|Any CPU
		{62BE53B9-D445-4C2D-A40A-10634A863722}.Release|Any CPU.ActiveCfg = Release|Any CPU
		{62BE53B9-D445-4C2D-A40A-10634A863722}.Release|Any CPU.Build.0 = Release|Any CPU
		{A98ABE56-DB96-4C9D-8A5B-6D9E2A2494CC}.Debug|Any CPU.ActiveCfg = Debug|Any CPU
		{A98ABE56-DB96-4C9D-8A5B-6D9E2A2494CC}.Debug|Any CPU.Build.0 = Debug|Any CPU
		{A98ABE56-DB96-4C9D-8A5B-6D9E2A2494CC}.Release|Any CPU.ActiveCfg = Release|Any CPU
		{A98ABE56-DB96-4C9D-8A5B-6D9E2A2494CC}.Release|Any CPU.Build.0 = Release|Any CPU
	EndGlobalSection
	GlobalSection(SolutionProperties) = preSolution
		HideSolutionNode = FALSE
	EndGlobalSection
	GlobalSection(ExtensibilityGlobals) = postSolution
		SolutionGuid = {CF33C1FB-5A67-473E-9896-904A74C00FD2}
	EndGlobalSection
EndGlobal
